
Microsoft Visual Studio Solution File, Format Version 12.00
# Visual Studio Version 16
VisualStudioVersion = 16.0.31313.79
MinimumVisualStudioVersion = 10.0.40219.1
Project("{FAE04EC0-301F-11D3-BF4B-00C04F79EFBC}") = "GoceryListApi", "GoceryListApi\GoceryListApi.csproj", "{CC9391C7-AF6F-4E5D-9BC0-033FE343E397}"
EndProject
Global
	GlobalSection(SolutionConfigurationPlatforms) = preSolution
		Debug|Any CPU = Debug|Any CPU
		Release|Any CPU = Release|Any CPU
	EndGlobalSection
	GlobalSection(ProjectConfigurationPlatforms) = postSolution
		{CC9391C7-AF6F-4E5D-9BC0-033FE343E397}.Debug|Any CPU.ActiveCfg = Debug|Any CPU
		{CC9391C7-AF6F-4E5D-9BC0-033FE343E397}.Debug|Any CPU.Build.0 = Debug|Any CPU
		{CC9391C7-AF6F-4E5D-9BC0-033FE343E397}.Release|Any CPU.ActiveCfg = Release|Any CPU
		{CC9391C7-AF6F-4E5D-9BC0-033FE343E397}.Release|Any CPU.Build.0 = Release|Any CPU
	EndGlobalSection
	GlobalSection(SolutionProperties) = preSolution
		HideSolutionNode = FALSE
	EndGlobalSection
	GlobalSection(ExtensibilityGlobals) = postSolution
		SolutionGuid = {48907DBE-4B54-4859-BB2C-351A1CF3B29A}
	EndGlobalSection
EndGlobal
